
Microsoft Visual Studio Solution File, Format Version 12.00
# Visual Studio 14
VisualStudioVersion = 14.0.23107.0
MinimumVisualStudioVersion = 10.0.40219.1
Project("{8BC9CEB8-8B4A-11D0-8D11-00A0C91BC942}") = "IGC.GameServer", "GameServer\GameServer.vcxproj", "{BED87D63-EFBF-40E1-9CEA-67D4697924CD}"
EndProject
Global
	GlobalSection(SolutionConfigurationPlatforms) = preSolution
		Debug|Mixed Platforms = Debug|Mixed Platforms
		Debug|x64 = Debug|x64
		Release|Mixed Platforms = Release|Mixed Platforms
		Release|x64 = Release|x64
	EndGlobalSection
	GlobalSection(ProjectConfigurationPlatforms) = postSolution
		{BED87D63-EFBF-40E1-9CEA-67D4697924CD}.Debug|Mixed Platforms.ActiveCfg = Debug|x64
		{BED87D63-EFBF-40E1-9CEA-67D4697924CD}.Debug|Mixed Platforms.Build.0 = Debug|x64
		{BED87D63-EFBF-40E1-9CEA-67D4697924CD}.Debug|x64.ActiveCfg = Debug|x64
		{BED87D63-EFBF-40E1-9CEA-67D4697924CD}.Debug|x64.Build.0 = Debug|x64
		{BED87D63-EFBF-40E1-9CEA-67D4697924CD}.Release|Mixed Platforms.ActiveCfg = Release|x64
		{BED87D63-EFBF-40E1-9CEA-67D4697924CD}.Release|Mixed Platforms.Build.0 = Release|x64
		{BED87D63-EFBF-40E1-9CEA-67D4697924CD}.Release|x64.ActiveCfg = Release|x64
		{BED87D63-EFBF-40E1-9CEA-67D4697924CD}.Release|x64.Build.0 = Release|x64
	EndGlobalSection
	GlobalSection(SolutionProperties) = preSolution
		HideSolutionNode = FALSE
	EndGlobalSection
EndGlobal
