
Microsoft Visual Studio Solution File, Format Version 12.00
# Visual Studio 14
VisualStudioVersion = 14.0.23107.0
MinimumVisualStudioVersion = 10.0.40219.1
Project("{8BC9CEB8-8B4A-11D0-8D11-00A0C91BC942}") = "IGC.GameServer", "GameServer\GameServer.vcxproj", "{BED87D63-EFBF-40E1-9CEA-67D4697924CD}"
EndProject
Project("{8BC9CEB8-8B4A-11D0-8D11-00A0C91BC942}") = "IGC.DataServer", "DataServer\DataServer.vcxproj", "{A8E578CC-0477-F4F6-F42A-8E8A7A61B1EB}"
EndProject
Project("{8BC9CEB8-8B4A-11D0-8D11-00A0C91BC942}") = "IGC.ConnectServer", "ConnectServer\ConnectServer.vcxproj", "{5890956F-7B09-48CE-A28A-CF14FF9DF40F}"
EndProject
Project("{8BC9CEB8-8B4A-11D0-8D11-00A0C91BC942}") = "IGC", "ClientDLL\IGC_DLL.vcxproj", "{C39B5C65-82F2-4877-BBA1-A856A8F1D087}"
EndProject
Global
	GlobalSection(SolutionConfigurationPlatforms) = preSolution
		Debug|Mixed Platforms = Debug|Mixed Platforms
		Debug|Win32 = Debug|Win32
		Debug|x64 = Debug|x64
		Debug|x86 = Debug|x86
		Release|Mixed Platforms = Release|Mixed Platforms
		Release|Win32 = Release|Win32
		Release|x64 = Release|x64
		Release|x86 = Release|x86
	EndGlobalSection
	GlobalSection(ProjectConfigurationPlatforms) = postSolution
		{BED87D63-EFBF-40E1-9CEA-67D4697924CD}.Debug|Mixed Platforms.ActiveCfg = Debug|x64
		{BED87D63-EFBF-40E1-9CEA-67D4697924CD}.Debug|Win32.ActiveCfg = Debug|x64
		{BED87D63-EFBF-40E1-9CEA-67D4697924CD}.Debug|x64.ActiveCfg = Debug|x64
		{BED87D63-EFBF-40E1-9CEA-67D4697924CD}.Debug|x64.Build.0 = Debug|x64
		{BED87D63-EFBF-40E1-9CEA-67D4697924CD}.Debug|x86.ActiveCfg = Debug|x64
		{BED87D63-EFBF-40E1-9CEA-67D4697924CD}.Release|Mixed Platforms.ActiveCfg = Release|x64
		{BED87D63-EFBF-40E1-9CEA-67D4697924CD}.Release|Mixed Platforms.Build.0 = Release|x64
		{BED87D63-EFBF-40E1-9CEA-67D4697924CD}.Release|Win32.ActiveCfg = Release|x64
		{BED87D63-EFBF-40E1-9CEA-67D4697924CD}.Release|Win32.Build.0 = Release|x64
		{BED87D63-EFBF-40E1-9CEA-67D4697924CD}.Release|x64.ActiveCfg = Release|x64
		{BED87D63-EFBF-40E1-9CEA-67D4697924CD}.Release|x64.Build.0 = Release|x64
		{BED87D63-EFBF-40E1-9CEA-67D4697924CD}.Release|x86.ActiveCfg = Release|x64
		{BED87D63-EFBF-40E1-9CEA-67D4697924CD}.Release|x86.Build.0 = Release|x64
		{A8E578CC-0477-F4F6-F42A-8E8A7A61B1EB}.Debug|Mixed Platforms.ActiveCfg = Debug|x64
		{A8E578CC-0477-F4F6-F42A-8E8A7A61B1EB}.Debug|Win32.ActiveCfg = Debug|x64
		{A8E578CC-0477-F4F6-F42A-8E8A7A61B1EB}.Debug|x64.ActiveCfg = Debug|x64
		{A8E578CC-0477-F4F6-F42A-8E8A7A61B1EB}.Debug|x64.Build.0 = Debug|x64
		{A8E578CC-0477-F4F6-F42A-8E8A7A61B1EB}.Debug|x86.ActiveCfg = Debug|x64
		{A8E578CC-0477-F4F6-F42A-8E8A7A61B1EB}.Release|Mixed Platforms.ActiveCfg = Release|x64
		{A8E578CC-0477-F4F6-F42A-8E8A7A61B1EB}.Release|Mixed Platforms.Build.0 = Release|x64
		{A8E578CC-0477-F4F6-F42A-8E8A7A61B1EB}.Release|Win32.ActiveCfg = Release|x64
		{A8E578CC-0477-F4F6-F42A-8E8A7A61B1EB}.Release|Win32.Build.0 = Release|x64
		{A8E578CC-0477-F4F6-F42A-8E8A7A61B1EB}.Release|x64.ActiveCfg = Release|x64
		{A8E578CC-0477-F4F6-F42A-8E8A7A61B1EB}.Release|x64.Build.0 = Release|x64
		{A8E578CC-0477-F4F6-F42A-8E8A7A61B1EB}.Release|x86.ActiveCfg = Release|x64
		{A8E578CC-0477-F4F6-F42A-8E8A7A61B1EB}.Release|x86.Build.0 = Release|x64
		{5890956F-7B09-48CE-A28A-CF14FF9DF40F}.Debug|Mixed Platforms.ActiveCfg = Debug|Win32
		{5890956F-7B09-48CE-A28A-CF14FF9DF40F}.Debug|Win32.ActiveCfg = Debug|Win32
		{5890956F-7B09-48CE-A28A-CF14FF9DF40F}.Debug|Win32.Build.0 = Debug|Win32
		{5890956F-7B09-48CE-A28A-CF14FF9DF40F}.Debug|x64.ActiveCfg = Debug|x64
		{5890956F-7B09-48CE-A28A-CF14FF9DF40F}.Debug|x64.Build.0 = Debug|x64
		{5890956F-7B09-48CE-A28A-CF14FF9DF40F}.Debug|x86.ActiveCfg = Debug|Win32
		{5890956F-7B09-48CE-A28A-CF14FF9DF40F}.Debug|x86.Build.0 = Debug|Win32
		{5890956F-7B09-48CE-A28A-CF14FF9DF40F}.Release|Mixed Platforms.ActiveCfg = Release|x64
		{5890956F-7B09-48CE-A28A-CF14FF9DF40F}.Release|Mixed Platforms.Build.0 = Release|x64
		{5890956F-7B09-48CE-A28A-CF14FF9DF40F}.Release|Win32.ActiveCfg = Release|x64
		{5890956F-7B09-48CE-A28A-CF14FF9DF40F}.Release|Win32.Build.0 = Release|x64
		{5890956F-7B09-48CE-A28A-CF14FF9DF40F}.Release|x64.ActiveCfg = Release|x64
		{5890956F-7B09-48CE-A28A-CF14FF9DF40F}.Release|x64.Build.0 = Release|x64
		{5890956F-7B09-48CE-A28A-CF14FF9DF40F}.Release|x86.ActiveCfg = Release|x64
		{5890956F-7B09-48CE-A28A-CF14FF9DF40F}.Release|x86.Build.0 = Release|x64
		{C39B5C65-82F2-4877-BBA1-A856A8F1D087}.Debug|Mixed Platforms.ActiveCfg = Debug|Win32
		{C39B5C65-82F2-4877-BBA1-A856A8F1D087}.Debug|Win32.ActiveCfg = Debug|Win32
		{C39B5C65-82F2-4877-BBA1-A856A8F1D087}.Debug|Win32.Build.0 = Debug|Win32
		{C39B5C65-82F2-4877-BBA1-A856A8F1D087}.Debug|x64.ActiveCfg = Debug|Win32
		{C39B5C65-82F2-4877-BBA1-A856A8F1D087}.Debug|x86.ActiveCfg = Debug|Win32
		{C39B5C65-82F2-4877-BBA1-A856A8F1D087}.Debug|x86.Build.0 = Debug|Win32
		{C39B5C65-82F2-4877-BBA1-A856A8F1D087}.Release|Mixed Platforms.ActiveCfg = Release|Win32
		{C39B5C65-82F2-4877-BBA1-A856A8F1D087}.Release|Mixed Platforms.Build.0 = Release|Win32
		{C39B5C65-82F2-4877-BBA1-A856A8F1D087}.Release|Win32.ActiveCfg = Release|Win32
		{C39B5C65-82F2-4877-BBA1-A856A8F1D087}.Release|Win32.Build.0 = Release|Win32
		{C39B5C65-82F2-4877-BBA1-A856A8F1D087}.Release|x64.ActiveCfg = Release|Win32
		{C39B5C65-82F2-4877-BBA1-A856A8F1D087}.Release|x64.Build.0 = Release|Win32
		{C39B5C65-82F2-4877-BBA1-A856A8F1D087}.Release|x86.ActiveCfg = Release|Win32
		{C39B5C65-82F2-4877-BBA1-A856A8F1D087}.Release|x86.Build.0 = Release|Win32
	EndGlobalSection
	GlobalSection(SolutionProperties) = preSolution
		HideSolutionNode = FALSE
	EndGlobalSection
EndGlobal
